{
	"name": "@genbs/urpflanze",
	"version": "0.0.1",
	"lockfileVersion": 1,
	"requires": true,
	"dependencies": {
		"@pups/core": {
			"version": "0.0.0-b23",
			"resolved": "https://registry.npmjs.org/@pups/core/-/core-0.0.0-b23.tgz",
			"integrity": "sha512-wpliqtqJ7nnzzGh8UIDPROXZUYq/Ziu3j3Shq2p1e6HodTylnsAOp6tMu1dT1KRh5AzH6AjlBVt9BaLeYhifNg==",
			"requires": {
				"@pups/utility": "0.0.0-b37"
			}
		},
		"@pups/utility": {
			"version": "0.0.0-b37",
			"resolved": "https://registry.npmjs.org/@pups/utility/-/utility-0.0.0-b37.tgz",
			"integrity": "sha512-4W+Zcjcw7lxEHO7s0XeZsFhj/9VhhBgDpxfc5wm5RP1XffqtghMVFxcl+QLR9SYJMvWZxC4yIOsuMBfpyKJfrQ=="
		},
		"@types/uuid": {
			"version": "8.3.0",
			"resolved": "https://registry.npmjs.org/@types/uuid/-/uuid-8.3.0.tgz",
			"integrity": "sha512-eQ9qFW/fhfGJF8WKHGEHZEyVWfZxrT+6CLIJGBcZPfxUh/+BnEj+UCGYMlr9qZuX/2AltsvwrGqp0LhEW8D0zQ=="
		},
		"at-least-node": {
			"version": "1.0.0",
			"resolved": "https://registry.npmjs.org/at-least-node/-/at-least-node-1.0.0.tgz",
			"integrity": "sha512-+q/t7Ekv1EDY2l6Gda6LLiX14rU9TV20Wa3ofeQmwPFZbOMo9DXrLbOjFaaclkXKWidIaopwAObQDqwWtGUjqg==",
			"dev": true
		},
		"balanced-match": {
			"version": "1.0.0",
			"resolved": "https://registry.npmjs.org/balanced-match/-/balanced-match-1.0.0.tgz",
			"integrity": "sha1-ibTRmasr7kneFk6gK4nORi1xt2c=",
			"dev": true
		},
		"brace-expansion": {
			"version": "1.1.11",
			"resolved": "https://registry.npmjs.org/brace-expansion/-/brace-expansion-1.1.11.tgz",
			"integrity": "sha512-iCuPHDFgrHX7H2vEI/5xpz07zSHB00TpugqhmYtVmMO6518mCuRMoOYFldEBl0g187ufozdaHgWKcYFb61qGiA==",
			"dev": true,
			"requires": {
				"balanced-match": "^1.0.0",
				"concat-map": "0.0.1"
			}
		},
		"concat-map": {
			"version": "0.0.1",
			"resolved": "https://registry.npmjs.org/concat-map/-/concat-map-0.0.1.tgz",
			"integrity": "sha1-2Klr13/Wjfd5OnMDajug1UBdR3s=",
			"dev": true
		},
		"core-util-is": {
			"version": "1.0.2",
			"resolved": "https://registry.npmjs.org/core-util-is/-/core-util-is-1.0.2.tgz",
			"integrity": "sha1-tf1UIgqivFq1eqtxQMlAdUUDwac="
		},
		"fs-extra": {
			"version": "9.0.1",
			"resolved": "https://registry.npmjs.org/fs-extra/-/fs-extra-9.0.1.tgz",
			"integrity": "sha512-h2iAoN838FqAFJY2/qVpzFXy+EBxfVE220PalAqQLDVsFOHLJrZvut5puAbCdNv6WJk+B8ihI+k0c7JK5erwqQ==",
			"dev": true,
			"requires": {
				"at-least-node": "^1.0.0",
				"graceful-fs": "^4.2.0",
				"jsonfile": "^6.0.1",
				"universalify": "^1.0.0"
			}
		},
		"fs.realpath": {
			"version": "1.0.0",
			"resolved": "https://registry.npmjs.org/fs.realpath/-/fs.realpath-1.0.0.tgz",
			"integrity": "sha1-FQStJSMVjKpA20onh8sBQRmU6k8=",
			"dev": true
		},
		"glob": {
			"version": "7.1.6",
			"resolved": "https://registry.npmjs.org/glob/-/glob-7.1.6.tgz",
			"integrity": "sha512-LwaxwyZ72Lk7vZINtNNrywX0ZuLyStrdDtabefZKAY5ZGJhVtgdznluResxNmPitE0SAO+O26sWTHeKSI2wMBA==",
			"dev": true,
			"requires": {
				"fs.realpath": "^1.0.0",
				"inflight": "^1.0.4",
				"inherits": "2",
				"minimatch": "^3.0.4",
				"once": "^1.3.0",
				"path-is-absolute": "^1.0.0"
			}
		},
		"graceful-fs": {
			"version": "4.2.4",
			"resolved": "https://registry.npmjs.org/graceful-fs/-/graceful-fs-4.2.4.tgz",
			"integrity": "sha512-WjKPNJF79dtJAVniUlGGWHYGz2jWxT6VhN/4m1NdkbZ2nOsEF+cI1Edgql5zCRhs/VsQYRvrXctxktVXZUkixw==",
			"dev": true
		},
		"handlebars": {
			"version": "4.7.6",
			"resolved": "https://registry.npmjs.org/handlebars/-/handlebars-4.7.6.tgz",
			"integrity": "sha512-1f2BACcBfiwAfStCKZNrUCgqNZkGsAT7UM3kkYtXuLo0KnaVfjKOyf7PRzB6++aK9STyT1Pd2ZCPe3EGOXleXA==",
			"dev": true,
			"requires": {
				"minimist": "^1.2.5",
				"neo-async": "^2.6.0",
				"source-map": "^0.6.1",
				"uglify-js": "^3.1.4",
				"wordwrap": "^1.0.0"
			}
		},
		"highlight.js": {
			"version": "10.2.0",
			"resolved": "https://registry.npmjs.org/highlight.js/-/highlight.js-10.2.0.tgz",
			"integrity": "sha512-OryzPiqqNCfO/wtFo619W+nPYALM6u7iCQkum4bqRmmlcTikOkmlL06i009QelynBPAlNByTQU6cBB2cOBQtCw==",
			"dev": true
		},
		"immediate": {
			"version": "3.0.6",
			"resolved": "https://registry.npmjs.org/immediate/-/immediate-3.0.6.tgz",
			"integrity": "sha1-nbHb0Pr43m++D13V5Wu2BigN5ps="
		},
		"inflight": {
			"version": "1.0.6",
			"resolved": "https://registry.npmjs.org/inflight/-/inflight-1.0.6.tgz",
			"integrity": "sha1-Sb1jMdfQLQwJvJEKEHW6gWW1bfk=",
			"dev": true,
			"requires": {
				"once": "^1.3.0",
				"wrappy": "1"
			}
		},
		"inherits": {
			"version": "2.0.4",
			"resolved": "https://registry.npmjs.org/inherits/-/inherits-2.0.4.tgz",
			"integrity": "sha512-k/vGaX4/Yla3WzyMCvTQOXYeIHvqOKtnqBduzTHpzpQZzAskKMhZ2K+EnBiSM9zGSoIFeMpXKxa4dYeZIQqewQ=="
		},
		"interpret": {
			"version": "1.4.0",
			"resolved": "https://registry.npmjs.org/interpret/-/interpret-1.4.0.tgz",
			"integrity": "sha512-agE4QfB2Lkp9uICn7BAqoscw4SZP9kTE2hxiFI3jBPmXJfdqiahTbUuKGsMoN2GtqL9AxhYioAcVvgsb1HvRbA==",
			"dev": true
		},
		"isarray": {
			"version": "1.0.0",
			"resolved": "https://registry.npmjs.org/isarray/-/isarray-1.0.0.tgz",
			"integrity": "sha1-u5NdSFgsuhaMBoNJV6VKPgcSTxE="
		},
		"jsonfile": {
			"version": "6.0.1",
			"resolved": "https://registry.npmjs.org/jsonfile/-/jsonfile-6.0.1.tgz",
			"integrity": "sha512-jR2b5v7d2vIOust+w3wtFKZIfpC2pnRmFAhAC/BuweZFQR8qZzxH1OyrQ10HmdVYiXWkYUqPVsz91cG7EL2FBg==",
			"dev": true,
			"requires": {
				"graceful-fs": "^4.1.6",
				"universalify": "^1.0.0"
			}
		},
		"jszip": {
			"version": "3.5.0",
			"resolved": "https://registry.npmjs.org/jszip/-/jszip-3.5.0.tgz",
			"integrity": "sha512-WRtu7TPCmYePR1nazfrtuF216cIVon/3GWOvHS9QR5bIwSbnxtdpma6un3jyGGNhHsKCSzn5Ypk+EkDRvTGiFA==",
			"requires": {
				"lie": "~3.3.0",
				"pako": "~1.0.2",
				"readable-stream": "~2.3.6",
				"set-immediate-shim": "~1.0.1"
			}
		},
		"lie": {
			"version": "3.3.0",
			"resolved": "https://registry.npmjs.org/lie/-/lie-3.3.0.tgz",
			"integrity": "sha512-UaiMJzeWRlEujzAuw5LokY1L5ecNQYZKfmyZ9L7wDHb/p5etKaxXhohBcrw0EYby+G/NA52vRSN4N39dxHAIwQ==",
			"requires": {
				"immediate": "~3.0.5"
			}
		},
		"lodash": {
			"version": "4.17.20",
			"resolved": "https://registry.npmjs.org/lodash/-/lodash-4.17.20.tgz",
			"integrity": "sha512-PlhdFcillOINfeV7Ni6oF1TAEayyZBoZ8bcshTHqOYJYlrqzRK5hagpagky5o4HfCzzd1TRkXPMFq6cKk9rGmA==",
			"dev": true
		},
		"lunr": {
			"version": "2.3.9",
			"resolved": "https://registry.npmjs.org/lunr/-/lunr-2.3.9.tgz",
			"integrity": "sha512-zTU3DaZaF3Rt9rhN3uBMGQD3dD2/vFQqnvZCDv4dl5iOzq2IZQqTxu90r4E5J+nP70J3ilqVCrbho2eWaeW8Ow==",
			"dev": true
		},
		"marked": {
			"version": "1.2.0",
			"resolved": "https://registry.npmjs.org/marked/-/marked-1.2.0.tgz",
			"integrity": "sha512-tiRxakgbNPBr301ihe/785NntvYyhxlqcL3YaC8CaxJQh7kiaEtrN9B/eK2I2943Yjkh5gw25chYFDQhOMCwMA==",
			"dev": true
		},
		"minimatch": {
			"version": "3.0.4",
			"resolved": "https://registry.npmjs.org/minimatch/-/minimatch-3.0.4.tgz",
			"integrity": "sha512-yJHVQEhyqPLUTgt9B83PXu6W3rx4MvvHvSUvToogpwoGDOUQ+yDrR0HRot+yOCdCO7u4hX3pWft6kWBBcqh0UA==",
			"dev": true,
			"requires": {
				"brace-expansion": "^1.1.7"
			}
		},
		"minimist": {
			"version": "1.2.5",
			"resolved": "https://registry.npmjs.org/minimist/-/minimist-1.2.5.tgz",
			"integrity": "sha512-FM9nNUYrRBAELZQT3xeZQ7fmMOBg6nWNmJKTcgsJeaLstP/UODVpGsr5OhXhhXg6f+qtJ8uiZ+PUxkDWcgIXLw==",
			"dev": true
		},
		"neo-async": {
			"version": "2.6.2",
			"resolved": "https://registry.npmjs.org/neo-async/-/neo-async-2.6.2.tgz",
			"integrity": "sha512-Yd3UES5mWCSqR+qNT93S3UoYUkqAZ9lLg8a7g9rimsWmYGK8cVToA4/sF3RrshdyV3sAGMXVUmpMYOw+dLpOuw==",
			"dev": true
		},
		"once": {
			"version": "1.4.0",
			"resolved": "https://registry.npmjs.org/once/-/once-1.4.0.tgz",
			"integrity": "sha1-WDsap3WWHUsROsF9nFC6753Xa9E=",
			"dev": true,
			"requires": {
				"wrappy": "1"
			}
		},
		"pako": {
			"version": "1.0.11",
			"resolved": "https://registry.npmjs.org/pako/-/pako-1.0.11.tgz",
			"integrity": "sha512-4hLB8Py4zZce5s4yd9XzopqwVv/yGNhV1Bl8NTmCq1763HeK2+EwVTv+leGeL13Dnh2wfbqowVPXCIO0z4taYw=="
		},
		"path-is-absolute": {
			"version": "1.0.1",
			"resolved": "https://registry.npmjs.org/path-is-absolute/-/path-is-absolute-1.0.1.tgz",
			"integrity": "sha1-F0uSaHNVNP+8es5r9TpanhtcX18=",
			"dev": true
		},
		"path-parse": {
			"version": "1.0.6",
			"resolved": "https://registry.npmjs.org/path-parse/-/path-parse-1.0.6.tgz",
			"integrity": "sha512-GSmOT2EbHrINBf9SR7CDELwlJ8AENk3Qn7OikK4nFYAu3Ote2+JYNVvkpAEQm3/TLNEJFD/xZJjzyxg3KBWOzw==",
			"dev": true
		},
		"process-nextick-args": {
			"version": "2.0.1",
			"resolved": "https://registry.npmjs.org/process-nextick-args/-/process-nextick-args-2.0.1.tgz",
			"integrity": "sha512-3ouUOpQhtgrbOa17J7+uxOTpITYWaGP7/AhoR3+A+/1e9skrzelGi/dXzEYyvbxubEF6Wn2ypscTKiKJFFn1ag=="
		},
		"progress": {
			"version": "2.0.3",
			"resolved": "https://registry.npmjs.org/progress/-/progress-2.0.3.tgz",
			"integrity": "sha512-7PiHtLll5LdnKIMw100I+8xJXR5gW2QwWYkT6iJva0bXitZKa/XMrSbdmg3r2Xnaidz9Qumd0VPaMrZlF9V9sA==",
			"dev": true
		},
		"readable-stream": {
			"version": "2.3.7",
			"resolved": "https://registry.npmjs.org/readable-stream/-/readable-stream-2.3.7.tgz",
			"integrity": "sha512-Ebho8K4jIbHAxnuxi7o42OrZgF/ZTNcsZj6nRKyUmkhLFq8CHItp/fy6hQZuZmP/n3yZ9VBUbp4zz/mX8hmYPw==",
			"requires": {
				"core-util-is": "~1.0.0",
				"inherits": "~2.0.3",
				"isarray": "~1.0.0",
				"process-nextick-args": "~2.0.0",
				"safe-buffer": "~5.1.1",
				"string_decoder": "~1.1.1",
				"util-deprecate": "~1.0.1"
			}
		},
		"rechoir": {
			"version": "0.6.2",
			"resolved": "https://registry.npmjs.org/rechoir/-/rechoir-0.6.2.tgz",
			"integrity": "sha1-hSBLVNuoLVdC4oyWdW70OvUOM4Q=",
			"dev": true,
			"requires": {
				"resolve": "^1.1.6"
			}
		},
		"resolve": {
			"version": "1.17.0",
			"resolved": "https://registry.npmjs.org/resolve/-/resolve-1.17.0.tgz",
			"integrity": "sha512-ic+7JYiV8Vi2yzQGFWOkiZD5Z9z7O2Zhm9XMaTxdJExKasieFCr+yXZ/WmXsckHiKl12ar0y6XiXDx3m4RHn1w==",
			"dev": true,
			"requires": {
				"path-parse": "^1.0.6"
			}
		},
		"safe-buffer": {
			"version": "5.1.2",
			"resolved": "https://registry.npmjs.org/safe-buffer/-/safe-buffer-5.1.2.tgz",
			"integrity": "sha512-Gd2UZBJDkXlY7GbJxfsE8/nvKkUEU1G38c1siN6QP6a9PT9MmHB8GnpscSmMJSoF8LOIrt8ud/wPtojys4G6+g=="
		},
		"semver": {
			"version": "7.3.2",
			"resolved": "https://registry.npmjs.org/semver/-/semver-7.3.2.tgz",
			"integrity": "sha512-OrOb32TeeambH6UrhtShmF7CRDqhL6/5XpPNp2DuRH6+9QLw/orhp72j87v8Qa1ScDkvrrBNpZcDejAirJmfXQ==",
			"dev": true
		},
		"set-immediate-shim": {
			"version": "1.0.1",
			"resolved": "https://registry.npmjs.org/set-immediate-shim/-/set-immediate-shim-1.0.1.tgz",
			"integrity": "sha1-SysbJ+uAip+NzEgaWOXlb1mfP2E="
		},
		"shelljs": {
			"version": "0.8.4",
			"resolved": "https://registry.npmjs.org/shelljs/-/shelljs-0.8.4.tgz",
			"integrity": "sha512-7gk3UZ9kOfPLIAbslLzyWeGiEqx9e3rxwZM0KE6EL8GlGwjym9Mrlx5/p33bWTu9YG6vcS4MBxYZDHYr5lr8BQ==",
			"dev": true,
			"requires": {
				"glob": "^7.0.0",
				"interpret": "^1.0.0",
				"rechoir": "^0.6.2"
			}
		},
		"simplex-noise": {
			"version": "2.4.0",
			"resolved": "https://registry.npmjs.org/simplex-noise/-/simplex-noise-2.4.0.tgz",
			"integrity": "sha512-OjyDWm/QZjVbMrPxDVi9b2as+SeNn9EBXlrWVRlFW+TSyWMSXouDryXkQN0vf5YP+QZKobrmkvx1eQYPLtuqfw=="
		},
		"source-map": {
			"version": "0.6.1",
			"resolved": "https://registry.npmjs.org/source-map/-/source-map-0.6.1.tgz",
			"integrity": "sha512-UjgapumWlbMhkBgzT7Ykc5YXUT46F0iKu8SGXq0bcwP5dz/h0Plj6enJqjz1Zbq2l5WaqYnrVbwWOWMyF3F47g==",
			"dev": true
		},
		"string_decoder": {
			"version": "1.1.1",
			"resolved": "https://registry.npmjs.org/string_decoder/-/string_decoder-1.1.1.tgz",
			"integrity": "sha512-n/ShnvDi6FHbbVfviro+WojiFzv+s8MPMHBczVePfUpDJLwoLT0ht1l4YwBCbi8pJAveEEdnkHyPyTP/mzRfwg==",
			"requires": {
				"safe-buffer": "~5.1.0"
			}
		},
		"ttypescript": {
			"version": "1.5.12",
			"resolved": "https://registry.npmjs.org/ttypescript/-/ttypescript-1.5.12.tgz",
			"integrity": "sha512-1ojRyJvpnmgN9kIHmUnQPlEV1gq+VVsxVYjk/NfvMlHSmYxjK5hEvOOU2MQASrbekTUiUM7pR/nXeCc8bzvMOQ==",
			"dev": true,
			"requires": {
				"resolve": ">=1.9.0"
			}
		},
		"typedoc": {
			"version": "0.19.2",
			"resolved": "https://registry.npmjs.org/typedoc/-/typedoc-0.19.2.tgz",
			"integrity": "sha512-oDEg1BLEzi1qvgdQXc658EYgJ5qJLVSeZ0hQ57Eq4JXy6Vj2VX4RVo18qYxRWz75ifAaYuYNBUCnbhjd37TfOg==",
			"dev": true,
			"requires": {
				"fs-extra": "^9.0.1",
				"handlebars": "^4.7.6",
				"highlight.js": "^10.2.0",
				"lodash": "^4.17.20",
				"lunr": "^2.3.9",
				"marked": "^1.1.1",
				"minimatch": "^3.0.0",
				"progress": "^2.0.3",
				"semver": "^7.3.2",
				"shelljs": "^0.8.4",
				"typedoc-default-themes": "^0.11.4"
			}
		},
		"typedoc-default-themes": {
			"version": "0.11.4",
			"resolved": "https://registry.npmjs.org/typedoc-default-themes/-/typedoc-default-themes-0.11.4.tgz",
			"integrity": "sha512-Y4Lf+qIb9NTydrexlazAM46SSLrmrQRqWiD52593g53SsmUFioAsMWt8m834J6qsp+7wHRjxCXSZeiiW5cMUdw==",
			"dev": true
		},
		"typescript": {
			"version": "4.0.3",
			"resolved": "https://registry.npmjs.org/typescript/-/typescript-4.0.3.tgz",
			"integrity": "sha512-tEu6DGxGgRJPb/mVPIZ48e69xCn2yRmCgYmDugAVwmJ6o+0u1RI18eO7E7WBTLYLaEVVOhwQmcdhQHweux/WPg==",
			"dev": true
		},
		"typescript-transform-paths": {
			"version": "1.1.15",
			"resolved": "https://registry.npmjs.org/typescript-transform-paths/-/typescript-transform-paths-1.1.15.tgz",
			"integrity": "sha512-I7X9T4+vWB/wgtFsqDbjpkfiRO6SoIwQwSsRJmRvA2st1Mn+zGjg/fxerZ10Gpdshu4erab5neegmAGsQRYFVA==",
			"dev": true
		},
		"uglify-js": {
			"version": "3.11.0",
			"resolved": "https://registry.npmjs.org/uglify-js/-/uglify-js-3.11.0.tgz",
			"integrity": "sha512-e1KQFRCpOxnrJsJVqDUCjURq+wXvIn7cK2sRAx9XL3HYLL9aezOP4Pb1+Y3/o693EPk111Yj2Q+IUXxcpHlygQ==",
			"dev": true,
			"optional": true
		},
		"universalify": {
			"version": "1.0.0",
			"resolved": "https://registry.npmjs.org/universalify/-/universalify-1.0.0.tgz",
			"integrity": "sha512-rb6X1W158d7pRQBg5gkR8uPaSfiids68LTJQYOtEUhoJUWBdaQHsuT/EUduxXYxcrt4r5PJ4fuHW1MHT6p0qug==",
			"dev": true
		},
		"util-deprecate": {
			"version": "1.0.2",
			"resolved": "https://registry.npmjs.org/util-deprecate/-/util-deprecate-1.0.2.tgz",
			"integrity": "sha1-RQ1Nyfpw3nMnYvvS1KKJgUGaDM8="
		},
		"uuid": {
			"version": "8.3.0",
			"resolved": "https://registry.npmjs.org/uuid/-/uuid-8.3.0.tgz",
			"integrity": "sha512-fX6Z5o4m6XsXBdli9g7DtWgAx+osMsRRZFKma1mIUsLCz6vRvv+pz5VNbyu9UEDzpMWulZfvpgb/cmDXVulYFQ=="
		},
		"wordwrap": {
			"version": "1.0.0",
			"resolved": "https://registry.npmjs.org/wordwrap/-/wordwrap-1.0.0.tgz",
			"integrity": "sha1-J1hIEIkUVqQXHI0CJkQa3pDLyus=",
			"dev": true
		},
		"wrappy": {
			"version": "1.0.2",
			"resolved": "https://registry.npmjs.org/wrappy/-/wrappy-1.0.2.tgz",
			"integrity": "sha1-tSQ9jz7BqjXxNkYFvA0QNuMKtp8=",
			"dev": true
		}
	}
}
